{
  "nodes": {
    "nixos-hardware": {
      "locked": {
        "lastModified": 1737751639,
        "narHash": "sha256-ZEbOJ9iT72iwqXsiEMbEa8wWjyFvRA9Ugx8utmYbpz4=",
        "owner": "NixOS",
        "repo": "nixos-hardware",
        "rev": "dfad538f751a5aa5d4436d9781ab27a6128ec9d4",
        "type": "github"
      },
      "original": {
        "owner": "NixOS",
        "ref": "master",
        "repo": "nixos-hardware",
        "type": "github"
      }
    },
    "nixpkgs": {
      "locked": {
        "lastModified": 1738277201,
        "narHash": "sha256-6L+WXKCw5mqnUIExvqkD99pJQ41xgyCk6z/H9snClwk=",
        "owner": "nixos",
        "repo": "nixpkgs",
        "rev": "666e1b3f09c267afd66addebe80fb05a5ef2b554",
        "type": "github"
      },
      "original": {
        "owner": "nixos",
        "ref": "nixos-24.11",
        "repo": "nixpkgs",
        "type": "github"
      }
    },
    "root": {
      "inputs": {
        "nixos-hardware": "nixos-hardware",
        "nixpkgs": "nixpkgs"
      }
    }
  },
  "root": "root",
  "version": 7
}
